
Microsoft Visual Studio Solution File, Format Version 12.00
Project("{F2A71F9B-5D33-465A-A702-920D77279786}") = "Test2", "Test2\Test2.fsproj", "{FB88225A-95B9-4957-AAA2-DEDC3CE30104}"
EndProject
Global
	GlobalSection(SolutionConfigurationPlatforms) = preSolution
		Debug|Any CPU = Debug|Any CPU
		Release|Any CPU = Release|Any CPU
	EndGlobalSection
	GlobalSection(ProjectConfigurationPlatforms) = postSolution
		{FB88225A-95B9-4957-AAA2-DEDC3CE30104}.Debug|Any CPU.ActiveCfg = Debug|Any CPU
		{FB88225A-95B9-4957-AAA2-DEDC3CE30104}.Debug|Any CPU.Build.0 = Debug|Any CPU
		{FB88225A-95B9-4957-AAA2-DEDC3CE30104}.Release|Any CPU.ActiveCfg = Release|Any CPU
		{FB88225A-95B9-4957-AAA2-DEDC3CE30104}.Release|Any CPU.Build.0 = Release|Any CPU
	EndGlobalSection
EndGlobal
