
Microsoft Visual Studio Solution File, Format Version 12.00
Project("{F2A71F9B-5D33-465A-A702-920D77279786}") = "Task1", "Task1\Task1.fsproj", "{3B9F5248-600C-43E5-A9EA-C0C22AEC640A}"
EndProject
Global
	GlobalSection(SolutionConfigurationPlatforms) = preSolution
		Debug|Any CPU = Debug|Any CPU
		Release|Any CPU = Release|Any CPU
	EndGlobalSection
	GlobalSection(ProjectConfigurationPlatforms) = postSolution
		{3B9F5248-600C-43E5-A9EA-C0C22AEC640A}.Debug|Any CPU.ActiveCfg = Debug|Any CPU
		{3B9F5248-600C-43E5-A9EA-C0C22AEC640A}.Debug|Any CPU.Build.0 = Debug|Any CPU
		{3B9F5248-600C-43E5-A9EA-C0C22AEC640A}.Release|Any CPU.ActiveCfg = Release|Any CPU
		{3B9F5248-600C-43E5-A9EA-C0C22AEC640A}.Release|Any CPU.Build.0 = Release|Any CPU
	EndGlobalSection
EndGlobal
